# THIS IS AN AUTOGENERATED FILE. DO NOT EDIT THIS FILE DIRECTLY.
# yarn lockfile v1


"@types/prop-types@*":
  version "15.7.1"
  resolved "https://registry.yarnpkg.com/@types/prop-types/-/prop-types-15.7.1.tgz#f1a11e7babb0c3cad68100be381d1e064c68f1f6"
  integrity sha512-CFzn9idOEpHrgdw8JsoTkaDDyRWk1jrzIV8djzcgpq0y9tG4B4lFT+Nxh52DVpDXV+n4+NPNv7M1Dj5uMp6XFg==

"@types/react@^16.8.14":
  version "16.8.14"
  resolved "https://registry.yarnpkg.com/@types/react/-/react-16.8.14.tgz#b561bfabeb8f60d12e6d4766367e7a9ae927aa18"
  integrity sha512-26tFVJ1omGmzIdFTFmnC5zhz1GTaqCjxgUxV4KzWvsybF42P7/j4RBn6UeO3KbHPXqKWZszMXMoI65xIWm954A==
  dependencies:
    "@types/prop-types" "*"
    csstype "^2.2.0"

csstype@^2.2.0:
  version "2.6.4"
  resolved "https://registry.yarnpkg.com/csstype/-/csstype-2.6.4.tgz#d585a6062096e324e7187f80e04f92bd0f00e37f"
  integrity sha512-lAJUJP3M6HxFXbqtGRc0iZrdyeN+WzOWeY0q/VnFzI+kqVrYIzC7bWlKqCW7oCIdzoPkvfp82EVvrTlQ8zsWQg==

url-pattern@^1.0.3:
  version "1.0.3"
  resolved "https://registry.yarnpkg.com/url-pattern/-/url-pattern-1.0.3.tgz#0409292471b24f23c50d65a47931793d2b5acfc1"
  integrity sha1-BAkpJHGyTyPFDWWkeTF5PStaz8E=
